hash: 170bf1f9b0a87e35b027593c93df8a4d7dd3f2268cdc32d07cf6c6524981e5dc
updated: 2017-05-30T18:51:52.893643234+02:00
imports:
- name: github.com/fatih/color
  version: 570b54cabe6b8eb0bc2dfce68d964677d63b5260
- name: github.com/go-yaml/yaml
  version: cd8b52f8269e0feb286dfeef29f8fe4d5b397e0b
- name: github.com/urfave/cli
  version: 0bdeddeeb0f650497d603c4ad7b20cfe685682f6
testImports: []
